<?xml version="1.0" encoding="utf-8"?>
<Project ToolsVersion="4.0" xmlns="http://schemas.microsoft.com/developer/msbuild/2003">
  <ItemGroup>
    <Filter Include="stdaxf">
      <UniqueIdentifier>{9985911f-13cf-48c1-bc5b-5514e5755ff3}</UniqueIdentifier>
    </Filter>
    <Filter Include="StateManager">
      <UniqueIdentifier>{7d121a21-ddfb-4273-9929-2baa80c972da}</UniqueIdentifier>
    </Filter>
    <Filter Include="AnimatedSprite">
      <UniqueIdentifier>{8608c8e7-ce16-4391-9f77-401f92c900ad}</UniqueIdentifier>
    </Filter>
    <Filter Include="InputManager">
      <UniqueIdentifier>{b4ff94bf-6e6c-47d2-937b-829896398679}</UniqueIdentifier>
    </Filter>
    <Filter Include="Engine">
      <UniqueIdentifier>{c4bf9873-d474-4a4a-ae57-0fdf009572f2}</UniqueIdentifier>
    </Filter>
    <Filter Include="SpriteManager">
      <UniqueIdentifier>{99b25cb5-fd45-4d1c-a732-17c7551350b1}</UniqueIdentifier>
    </Filter>
    <Filter Include="States">
      <UniqueIdentifier>{1294ff71-b348-4745-be7a-5fea777ad417}</UniqueIdentifier>
    </Filter>
    <Filter Include="GameObjectManager">
      <UniqueIdentifier>{25dfff53-a730-458c-a315-a44812ea3d36}</UniqueIdentifier>
    </Filter>
  </ItemGroup>
  <ItemGroup>
    <ClCompile Include="stdafx.cpp">
      <Filter>stdaxf</Filter>
    </ClCompile>
    <ClCompile Include="main.cpp" />
    <ClCompile Include="StateManager.cpp">
      <Filter>StateManager</Filter>
    </ClCompile>
    <ClCompile Include="AnimatedSprite.cpp">
      <Filter>AnimatedSprite</Filter>
    </ClCompile>
    <ClCompile Include="InputManager.cpp">
      <Filter>InputManager</Filter>
    </ClCompile>
    <ClCompile Include="Engine.cpp">
      <Filter>Engine</Filter>
    </ClCompile>
    <ClCompile Include="SpriteManager.cpp">
      <Filter>SpriteManager</Filter>
    </ClCompile>
    <ClCompile Include="Konstrukten.cpp" />
    <ClCompile Include="GameState.cpp">
      <Filter>States</Filter>
    </ClCompile>
    <ClCompile Include="GameObject.cpp">
      <Filter>GameObjectManager</Filter>
    </ClCompile>
    <ClCompile Include="GameObjectManager.cpp">
      <Filter>GameObjectManager</Filter>
    </ClCompile>
    <ClCompile Include="PlayerObject.cpp" />
    <ClCompile Include="WeaponObject.cpp" />
    <ClCompile Include="Wall.cpp" />
  </ItemGroup>
  <ItemGroup>
    <ClInclude Include="stdafx.h">
      <Filter>stdaxf</Filter>
    </ClInclude>
    <ClInclude Include="StateManager.h">
      <Filter>StateManager</Filter>
    </ClInclude>
    <ClInclude Include="AnimatedSprite.h">
      <Filter>AnimatedSprite</Filter>
    </ClInclude>
    <ClInclude Include="InputManager.h">
      <Filter>InputManager</Filter>
    </ClInclude>
    <ClInclude Include="Engine.h">
      <Filter>Engine</Filter>
    </ClInclude>
    <ClInclude Include="SpriteManager.h">
      <Filter>SpriteManager</Filter>
    </ClInclude>
    <ClInclude Include="Konstrukten.h" />
    <ClInclude Include="GameState.h">
      <Filter>States</Filter>
    </ClInclude>
    <ClInclude Include="State.h">
      <Filter>States</Filter>
    </ClInclude>
    <ClInclude Include="GameObject.h">
      <Filter>GameObjectManager</Filter>
    </ClInclude>
    <ClInclude Include="GameObjectManager.h">
      <Filter>GameObjectManager</Filter>
    </ClInclude>
    <ClInclude Include="PlayerObject.h" />
    <ClInclude Include="WeaponObject.h" />
    <ClInclude Include="Types.h" />
    <ClInclude Include="Wall.h" />
  </ItemGroup>
</Project>